# Generated by move; do not edit
# This file should be checked in.

[move]
version = 4

[pinned.mainnet.CctpExtensions]
source = { git = "https://github.com/drewstaylor/sui-cctp.git", subdir = "packages/cctp_extensions", rev = "fc29c09bce8cb40eb94e342802cd384d6ccfb6b0" }
use_environment = "mainnet"
manifest_digest = "FF4EB2AE0D86183ACDEB3E8EA7FAF3D56B776188BBBEF44C8C2209AAB4213FA0"
deps = { std = "MoveStdlib", sui = "Sui", sui_extensions = "sui_extensions" }

[pinned.mainnet.MessageTransmitterV2]
source = { root = true }
use_environment = "mainnet"
manifest_digest = "A9B6AC02001BB408286D1210EC3A70D36F6494497596D04AB16995A72C435CC4"
deps = { CctpExtensions = "CctpExtensions", std = "MoveStdlib", sui = "Sui", sui_extensions = "sui_extensions" }

[pinned.mainnet.MoveStdlib]
source = { git = "https://github.com/MystenLabs/sui.git", subdir = "crates/sui-framework/packages/move-stdlib", rev = "d50b78880fdacb1bbde92e6974ed71a7650c1090" }
use_environment = "mainnet"
manifest_digest = "C4FE4C91DE74CBF223B2E380AE40F592177D21870DC2D7EB6227D2D694E05363"
deps = {}

[pinned.mainnet.Sui]
source = { git = "https://github.com/MystenLabs/sui.git", subdir = "crates/sui-framework/packages/sui-framework", rev = "d50b78880fdacb1bbde92e6974ed71a7650c1090" }
use_environment = "mainnet"
manifest_digest = "CD547CB1ACCE0880C835DAED2D8FFCB91D56C833AE5240D3AA5B918398263195"
deps = { MoveStdlib = "MoveStdlib" }

[pinned.mainnet.sui_extensions]
source = { git = "https://github.com/drewstaylor/stablecoin-sui.git", subdir = "packages/sui_extensions", rev = "35b08401b7d292644b8c7310a854f61ba2d74be6" }
use_environment = "mainnet"
manifest_digest = "E41BBD67BE8940D26C79D78B028477EF5B33BA217A1282C78ACB344CF8A5ECF6"
deps = { std = "MoveStdlib", sui = "Sui" }

[pinned.testnet.CctpExtensions]
source = { local = "../cctp_extensions" }
use_environment = "testnet"
manifest_digest = "791E7DFB41652FC93AB2BAE70315F9DE35822B090CDECDD3BEA15C11B9DABF4A"
deps = { std = "MoveStdlib", sui = "Sui", sui_extensions = "sui_extensions" }

[pinned.testnet.MessageTransmitterV2]
source = { root = true }
use_environment = "testnet"
manifest_digest = "FCC296CFBFBAC566306EF42BA59B7F70E60F3AA9A0E23998C1979F08C316083A"
deps = { CctpExtensions = "CctpExtensions", std = "MoveStdlib", sui = "Sui", sui_extensions = "sui_extensions" }

[pinned.testnet.MoveStdlib]
source = { git = "https://github.com/MystenLabs/sui.git", subdir = "crates/sui-framework/packages/move-stdlib", rev = "d50b78880fdacb1bbde92e6974ed71a7650c1090" }
use_environment = "testnet"
manifest_digest = "C4FE4C91DE74CBF223B2E380AE40F592177D21870DC2D7EB6227D2D694E05363"
deps = {}

[pinned.testnet.Sui]
source = { git = "https://github.com/MystenLabs/sui.git", subdir = "crates/sui-framework/packages/sui-framework", rev = "d50b78880fdacb1bbde92e6974ed71a7650c1090" }
use_environment = "testnet"
manifest_digest = "7AFB66695545775FBFBB2D3078ADFD084244D5002392E837FDE21D9EA1C6D01C"
deps = { MoveStdlib = "MoveStdlib" }

[pinned.testnet.sui_extensions]
source = { local = "../../stablecoin-sui/packages/sui_extensions" }
use_environment = "testnet"
manifest_digest = "5745706258F61D6CE210904B3E6AE87A73CE9D31A6F93BE4718C442529332A87"
deps = { std = "MoveStdlib", sui = "Sui" }
