# Generated by move; do not edit
# This file should be checked in.

[move]
version = 4

[pinned.mainnet.CctpExtensions]
source = { git = "https://github.com/drewstaylor/sui-cctp.git", subdir = "packages/cctp_extensions", rev = "8baff0b002579d5e8e09055d6c421ef29f72ed50" }
use_environment = "mainnet"
manifest_digest = "FF4EB2AE0D86183ACDEB3E8EA7FAF3D56B776188BBBEF44C8C2209AAB4213FA0"
deps = { std = "MoveStdlib", sui = "Sui", sui_extensions = "sui_extensions" }

[pinned.mainnet.MessageTransmitterV2]
source = { git = "https://github.com/drewstaylor/sui-cctp.git", subdir = "packages/message_transmitter_v2", rev = "8baff0b002579d5e8e09055d6c421ef29f72ed50" }
use_environment = "mainnet"
manifest_digest = "A9B6AC02001BB408286D1210EC3A70D36F6494497596D04AB16995A72C435CC4"
deps = { CctpExtensions = "CctpExtensions", std = "MoveStdlib", sui = "Sui", sui_extensions = "sui_extensions" }

[pinned.mainnet.MoveStdlib]
source = { git = "https://github.com/MystenLabs/sui.git", subdir = "crates/sui-framework/packages/move-stdlib", rev = "d50b78880fdacb1bbde92e6974ed71a7650c1090" }
use_environment = "mainnet"
manifest_digest = "C4FE4C91DE74CBF223B2E380AE40F592177D21870DC2D7EB6227D2D694E05363"
deps = {}

[pinned.mainnet.Sui]
source = { git = "https://github.com/MystenLabs/sui.git", subdir = "crates/sui-framework/packages/sui-framework", rev = "d50b78880fdacb1bbde92e6974ed71a7650c1090" }
use_environment = "mainnet"
manifest_digest = "CD547CB1ACCE0880C835DAED2D8FFCB91D56C833AE5240D3AA5B918398263195"
deps = { MoveStdlib = "MoveStdlib" }

[pinned.mainnet.TokenMessengerMinterV2]
source = { root = true }
use_environment = "mainnet"
manifest_digest = "2EE143D2F0A014D56BBBD00731E4D6F54E14E48EE761032CBB92CEE2791B576C"
deps = { CctpExtensions = "CctpExtensions", MessageTransmitterV2 = "MessageTransmitterV2", stablecoin = "stablecoin", std = "MoveStdlib", sui = "Sui", sui_extensions = "sui_extensions" }

[pinned.mainnet.stablecoin]
source = { git = "https://github.com/drewstaylor/stablecoin-sui.git", subdir = "packages/stablecoin", rev = "35b08401b7d292644b8c7310a854f61ba2d74be6" }
use_environment = "mainnet"
manifest_digest = "EBA42C3BD3CA7B107DB57BA4870C827405F96FF0D9A37395432A23B37D285204"
deps = { std = "MoveStdlib", sui = "Sui", sui_extensions = "sui_extensions" }

[pinned.mainnet.sui_extensions]
source = { git = "https://github.com/drewstaylor/stablecoin-sui.git", subdir = "packages/sui_extensions", rev = "35b08401b7d292644b8c7310a854f61ba2d74be6" }
use_environment = "mainnet"
manifest_digest = "E41BBD67BE8940D26C79D78B028477EF5B33BA217A1282C78ACB344CF8A5ECF6"
deps = { std = "MoveStdlib", sui = "Sui" }
