# Generated by move; do not edit
# This file should be checked in.

[move]
version = 4

[pinned.mainnet.CctpExtensions]
source = { local = "../cctp_extensions" }
use_environment = "mainnet"
manifest_digest = "C3F7F154EC23231E92D9B5EBABC156077F5CFE0AF545270A844E2AA45330C7FB"
deps = { std = "MoveStdlib", sui = "Sui", sui_extensions = "sui_extensions" }

[pinned.mainnet.MessageTransmitterV2]
source = { local = "../message_transmitter_v2" }
use_environment = "mainnet"
manifest_digest = "6CF865B2F75529D27999C02C601088B6BD3BD027DA5D732A857C24FC4CAEB824"
deps = { CctpExtensions = "CctpExtensions", std = "MoveStdlib", sui = "Sui", sui_extensions = "sui_extensions" }

[pinned.mainnet.MoveStdlib]
source = { git = "https://github.com/MystenLabs/sui.git", subdir = "crates/sui-framework/packages/move-stdlib", rev = "d50b78880fdacb1bbde92e6974ed71a7650c1090" }
use_environment = "mainnet"
manifest_digest = "C4FE4C91DE74CBF223B2E380AE40F592177D21870DC2D7EB6227D2D694E05363"
deps = {}

[pinned.mainnet.Sui]
source = { git = "https://github.com/MystenLabs/sui.git", subdir = "crates/sui-framework/packages/sui-framework", rev = "d50b78880fdacb1bbde92e6974ed71a7650c1090" }
use_environment = "mainnet"
manifest_digest = "CD547CB1ACCE0880C835DAED2D8FFCB91D56C833AE5240D3AA5B918398263195"
deps = { MoveStdlib = "MoveStdlib" }

[pinned.mainnet.TokenMessengerMinterV2]
source = { root = true }
use_environment = "mainnet"
manifest_digest = "1D40DE7DCA22B3FC0A3909E1EB785FB633BB628B9A5392A447FB31E0034AA7C5"
deps = { CctpExtensions = "CctpExtensions", MessageTransmitterV2 = "MessageTransmitterV2", stablecoin = "stablecoin", std = "MoveStdlib", sui = "Sui", sui_extensions = "sui_extensions" }

[pinned.mainnet.stablecoin]
source = { local = "../../stablecoin-sui/packages/stablecoin" }
use_environment = "mainnet"
manifest_digest = "6B08AFABA09DC0D0216E97EB27C33CD7A3791E8DC3631C94FB08528F77C1E3AD"
deps = { std = "MoveStdlib", sui = "Sui", sui_extensions = "sui_extensions" }

[pinned.mainnet.sui_extensions]
source = { local = "../../stablecoin-sui/packages/sui_extensions" }
use_environment = "mainnet"
manifest_digest = "E41BBD67BE8940D26C79D78B028477EF5B33BA217A1282C78ACB344CF8A5ECF6"
deps = { std = "MoveStdlib", sui = "Sui" }

[pinned.testnet.CctpExtensions]
source = { local = "../cctp_extensions" }
use_environment = "testnet"
manifest_digest = "791E7DFB41652FC93AB2BAE70315F9DE35822B090CDECDD3BEA15C11B9DABF4A"
deps = { std = "MoveStdlib", sui = "Sui", sui_extensions = "sui_extensions" }

[pinned.testnet.MessageTransmitterV2]
source = { local = "../message_transmitter_v2" }
use_environment = "testnet"
manifest_digest = "FCC296CFBFBAC566306EF42BA59B7F70E60F3AA9A0E23998C1979F08C316083A"
deps = { CctpExtensions = "CctpExtensions", std = "MoveStdlib", sui = "Sui", sui_extensions = "sui_extensions" }

[pinned.testnet.MoveStdlib]
source = { git = "https://github.com/MystenLabs/sui.git", subdir = "crates/sui-framework/packages/move-stdlib", rev = "d50b78880fdacb1bbde92e6974ed71a7650c1090" }
use_environment = "testnet"
manifest_digest = "C4FE4C91DE74CBF223B2E380AE40F592177D21870DC2D7EB6227D2D694E05363"
deps = {}

[pinned.testnet.Sui]
source = { git = "https://github.com/MystenLabs/sui.git", subdir = "crates/sui-framework/packages/sui-framework", rev = "d50b78880fdacb1bbde92e6974ed71a7650c1090" }
use_environment = "testnet"
manifest_digest = "7AFB66695545775FBFBB2D3078ADFD084244D5002392E837FDE21D9EA1C6D01C"
deps = { MoveStdlib = "MoveStdlib" }

[pinned.testnet.TokenMessengerMinterV2]
source = { root = true }
use_environment = "testnet"
manifest_digest = "86B673494786D29EC6B6C6AD1E5D6483C9A79593B2680E5A513941720FE8B69E"
deps = { CctpExtensions = "CctpExtensions", MessageTransmitterV2 = "MessageTransmitterV2", stablecoin = "stablecoin", std = "MoveStdlib", sui = "Sui", sui_extensions = "sui_extensions" }

[pinned.testnet.stablecoin]
source = { local = "../../stablecoin-sui/packages/stablecoin" }
use_environment = "testnet"
manifest_digest = "54E813390EFE2FEE4DA372CD4F8B20971B2E7A89DA6E51212EDE743C2DC4EA46"
deps = { std = "MoveStdlib", sui = "Sui", sui_extensions = "sui_extensions" }

[pinned.testnet.sui_extensions]
source = { local = "../../stablecoin-sui/packages/sui_extensions" }
use_environment = "testnet"
manifest_digest = "5745706258F61D6CE210904B3E6AE87A73CE9D31A6F93BE4718C442529332A87"
deps = { std = "MoveStdlib", sui = "Sui" }
