# @generated by Move, please check-in and do not edit manually.

[move]
version = 3
manifest_digest = "59FE4836920545C7737A9BF979E1358223A896D124A27644F585BD5422E8F356"
deps_digest = "3C4103934B1E040BB6B23F1D610B4EF9F2F1166A50A104EADCF77467C004C600"
dependencies = [
  { id = "Sui", name = "Sui" },
  { id = "sui_extensions", name = "sui_extensions" },
]

[[move.package]]
id = "MoveStdlib"
source = { git = "https://github.com/MystenLabs/sui.git", rev = "b023ef895412b22a1db9490d266e96aa5925a890", subdir = "crates/sui-framework/packages/move-stdlib" }

[[move.package]]
id = "Sui"
source = { git = "https://github.com/MystenLabs/sui.git", rev = "b023ef895412b22a1db9490d266e96aa5925a890", subdir = "crates/sui-framework/packages/sui-framework" }

dependencies = [
  { id = "MoveStdlib", name = "MoveStdlib" },
]

[[move.package]]
id = "sui_extensions"
source = { git = "https://github.com/circlefin/stablecoin-sui.git", rev = "23fff2ed82a7fdc26e408a56553b1e1d0ba7b06f", subdir = "packages/sui_extensions" }

dependencies = [
  { id = "Sui", name = "Sui" },
]

[move.toolchain-version]
compiler-version = "1.37.3"
edition = "2024.beta"
flavor = "sui"
